
Microsoft Visual Studio Solution File, Format Version 12.00
# Visual Studio Version 17
VisualStudioVersion = 17.13.35931.197
MinimumVisualStudioVersion = 10.0.40219.1
Project("{D954291E-2A0B-460D-934E-DC6B0785DB48}") = "Common", "Common\Common\Common.shproj", "{3BEC7AB7-B2E3-405D-9124-CB922C075667}"
EndProject
Project("{D954291E-2A0B-460D-934E-DC6B0785DB48}") = "Common.Client", "Common\Client\Common.Client.shproj", "{AADFE3F4-F3BE-4913-B375-A27AFBA0BBB5}"
EndProject
Project("{D954291E-2A0B-460D-934E-DC6B0785DB48}") = "Common.Server", "Common\Server\Common.Server.shproj", "{EAED0A41-728D-42D6-AC61-CA5F9CE9EB77}"
EndProject
Project("{FAE04EC0-301F-11D3-BF4B-00C04F79EFBC}") = "zzExternalScripts", "zzExternalScripts\zzExternalScripts.csproj", "{1F80347D-FBE6-4E2F-9107-ECCF861B1E87}"
EndProject
Project("{FAE04EC0-301F-11D3-BF4B-00C04F79EFBC}") = "zzLuaScripts", "zzLuaScripts\zzLuaScripts.csproj", "{A157F45B-33F6-4FBB-AF40-24CB5B55C4E8}"
EndProject
Project("{FAE04EC0-301F-11D3-BF4B-00C04F79EFBC}") = "Framework.Client", "Framework\Client\Framework.Client.csproj", "{83A49E43-4ACD-40D3-A870-BDA9EDBB2023}"
EndProject
Project("{2150E333-8FDC-42A3-9474-1A3956D46DE8}") = "Framework", "Framework", "{02EA681E-C7D8-13C7-8484-4AC65E1B71E8}"
EndProject
Project("{2150E333-8FDC-42A3-9474-1A3956D46DE8}") = "Common", "Common", "{6CC792D0-B2D1-475F-90AF-B78E61DE24E0}"
EndProject
Project("{2150E333-8FDC-42A3-9474-1A3956D46DE8}") = "Chat", "Chat", "{51FFF201-8102-441F-8FFF-05E92443AA18}"
EndProject
Project("{2150E333-8FDC-42A3-9474-1A3956D46DE8}") = "Breathalyzer", "Breathalyzer", "{031CF5EE-2F45-4827-A4B9-0641633DA0F6}"
EndProject
Project("{FAE04EC0-301F-11D3-BF4B-00C04F79EFBC}") = "Breathalyzer.Client", "Breathalyzer\Client\Breathalyzer.Client.csproj", "{2A281C48-4B54-4364-BF15-A0EDE8E3119D}"
EndProject
Project("{FAE04EC0-301F-11D3-BF4B-00C04F79EFBC}") = "Breathalyzer.Server", "Breathalyzer\Server\Breathalyzer.Server.csproj", "{F8B8546D-2A53-4731-94E0-20922A743BED}"
EndProject
Project("{2150E333-8FDC-42A3-9474-1A3956D46DE8}") = "Priority", "Priority", "{069CE582-F969-40F8-8A07-95DA2F5D58E5}"
EndProject
Project("{FAE04EC0-301F-11D3-BF4B-00C04F79EFBC}") = "Priority.Client", "Priority\Client\Priority.Client.csproj", "{EC688716-E91F-460F-9421-B96EE85775F7}"
EndProject
Project("{FAE04EC0-301F-11D3-BF4B-00C04F79EFBC}") = "Priority.Server", "Priority\Server\Priority.Server.csproj", "{899CE01D-6A9B-43F6-A4B7-CB86408CECB0}"
EndProject
Project("{FAE04EC0-301F-11D3-BF4B-00C04F79EFBC}") = "Framework.Server", "Framework\Server\Framework.Server.csproj", "{2477A0F3-FFCD-49A9-A186-CBDA3A73D514}"
EndProject
Project("{FAE04EC0-301F-11D3-BF4B-00C04F79EFBC}") = "Chat.Client", "Chat\Client\Chat.Client.csproj", "{9BD7FD9F-927C-4275-819A-D7DC5407B260}"
EndProject
Project("{FAE04EC0-301F-11D3-BF4B-00C04F79EFBC}") = "Chat.Server", "Chat\Server\Chat.Server.csproj", "{CCFB10FF-29D7-48A7-9B6F-100009421151}"
EndProject
Project("{2150E333-8FDC-42A3-9474-1A3956D46DE8}") = "NearestPostal", "NearestPostal", "{305AA17E-434D-4C77-8AE9-AD0820307418}"
EndProject
Project("{FAE04EC0-301F-11D3-BF4B-00C04F79EFBC}") = "NearestPostal.Client", "NearestPostal\Client\NearestPostal.Client.csproj", "{4C28F7AA-44E5-4A8E-B409-FAC9016C5B1D}"
EndProject
Project("{2150E333-8FDC-42A3-9474-1A3956D46DE8}") = "VehicleControl", "VehicleControl", "{252BE35A-CF01-4D5E-AD29-A828589E3F37}"
EndProject
Project("{FAE04EC0-301F-11D3-BF4B-00C04F79EFBC}") = "VehicleControl.Client", "VehicleControl\Client\VehicleControl.Client.csproj", "{68E4315A-483B-4B2A-8206-A87C81EF6A5C}"
EndProject
Project("{FAE04EC0-301F-11D3-BF4B-00C04F79EFBC}") = "VehicleControl.Server", "VehicleControl\Server\VehicleControl.Server.csproj", "{6330BA04-5137-45C5-B485-E64698678085}"
EndProject
Project("{2150E333-8FDC-42A3-9474-1A3956D46DE8}") = "Suppressor", "Suppressor", "{1AC35AF6-FC55-4101-B79E-955FA1E69054}"
EndProject
Project("{FAE04EC0-301F-11D3-BF4B-00C04F79EFBC}") = "Suppressor.Client", "Suppressor\Client\Suppressor.Client.csproj", "{473626D0-C4C9-492D-BD26-28A5EA5EF308}"
EndProject
Project("{2150E333-8FDC-42A3-9474-1A3956D46DE8}") = "DeleteVehicle", "DeleteVehicle", "{E5419124-5251-4594-940D-CAE77DDC4375}"
EndProject
Project("{FAE04EC0-301F-11D3-BF4B-00C04F79EFBC}") = "DeleteVehicle.Client", "DeleteVehicle\Client\DeleteVehicle.Client.csproj", "{30D0D5FF-B613-4462-A90A-FCF020F0266C}"
EndProject
Project("{2150E333-8FDC-42A3-9474-1A3956D46DE8}") = "ShotSpotter", "ShotSpotter", "{1348DBBF-D207-4F2D-9BD1-F9C79B4B585D}"
EndProject
Project("{FAE04EC0-301F-11D3-BF4B-00C04F79EFBC}") = "ShotSpotter.Client", "ShotSpotter\Client\ShotSpotter.Client.csproj", "{AA547E0B-CF11-4AF9-B594-13A856398FD6}"
EndProject
Project("{FAE04EC0-301F-11D3-BF4B-00C04F79EFBC}") = "ShotSpotter.Server", "ShotSpotter\Server\ShotSpotter.Server.csproj", "{33B97D67-159C-4803-A080-544A7E583693}"
EndProject
Project("{2150E333-8FDC-42A3-9474-1A3956D46DE8}") = "Gsr", "Gsr", "{EC6FCFEF-BE10-400C-99DA-ECD572952E3F}"
EndProject
Project("{2150E333-8FDC-42A3-9474-1A3956D46DE8}") = "Notes", "Notes", "{088334A9-3E27-47B7-BB3A-AFC7D9CDC2D9}"
EndProject
Project("{2150E333-8FDC-42A3-9474-1A3956D46DE8}") = "Economy", "Economy", "{5345F098-44B5-4E0C-9884-71783A306E32}"
EndProject
Project("{2150E333-8FDC-42A3-9474-1A3956D46DE8}") = "DevTools", "DevTools", "{38427114-D12D-4DAC-B36B-2DD50CD2E997}"
EndProject
Project("{FAE04EC0-301F-11D3-BF4B-00C04F79EFBC}") = "DevTools.Client", "DevTools\Client\DevTools.Client.csproj", "{A34567B3-17C5-4F08-AB3B-FBCCD39620AC}"
EndProject
Project("{2150E333-8FDC-42A3-9474-1A3956D46DE8}") = "SceneControl", "SceneControl", "{DAFB3653-3340-4CEC-9CA8-59F1C19655EF}"
EndProject
Project("{FAE04EC0-301F-11D3-BF4B-00C04F79EFBC}") = "SceneControl.Client", "SceneControl\Client\SceneControl.Client.csproj", "{5973C772-2898-495B-ACF8-F591E3A639B4}"
EndProject
Project("{FAE04EC0-301F-11D3-BF4B-00C04F79EFBC}") = "SceneControl.Server", "SceneControl\Server\SceneControl.Server.csproj", "{CFE1F0BE-327A-4E6C-B200-8C2F2AFF0082}"
EndProject
Project("{2150E333-8FDC-42A3-9474-1A3956D46DE8}") = "Cuff", "Cuff", "{0062DE62-464A-4482-A2F8-3357E6FE2049}"
EndProject
Project("{FAE04EC0-301F-11D3-BF4B-00C04F79EFBC}") = "Cuff.Client", "Cuff\Client\Cuff.Client.csproj", "{B25F8A74-6C34-47C6-9E85-057076BDD0E0}"
EndProject
Project("{2150E333-8FDC-42A3-9474-1A3956D46DE8}") = "Grab", "Grab", "{49C783A6-DA3F-4F16-B252-C67CE6F0AA16}"
EndProject
Project("{FAE04EC0-301F-11D3-BF4B-00C04F79EFBC}") = "Grab.Client", "Grab\Client\Grab.Client.csproj", "{452D3F29-6B06-4508-A0D9-EAAA8B0DE3DF}"
EndProject
Project("{FAE04EC0-301F-11D3-BF4B-00C04F79EFBC}") = "Cuff.Server", "Cuff\Server\Cuff.Server.csproj", "{FFE95EE5-929F-4988-8C21-866D0AF945A2}"
EndProject
Project("{FAE04EC0-301F-11D3-BF4B-00C04F79EFBC}") = "Grab.Server", "Grab\Server\Grab.Server.csproj", "{9095E236-D9C9-402D-ABC3-AED0CEFDBDA5}"
EndProject
Project("{FAE04EC0-301F-11D3-BF4B-00C04F79EFBC}") = "Gsr.Client", "Gsr\Client\Gsr.Client.csproj", "{EC1921D1-B93C-4C6B-8C8E-8DDABA2F584F}"
EndProject
Project("{FAE04EC0-301F-11D3-BF4B-00C04F79EFBC}") = "Gsr.Server", "Gsr\Server\Gsr.Server.csproj", "{C3F5C042-0948-4EEF-AF68-AFE778715BFC}"
EndProject
Project("{FAE04EC0-301F-11D3-BF4B-00C04F79EFBC}") = "DeleteVehicle.Server", "DeleteVehicle\Server\DeleteVehicle.Server.csproj", "{7F92091A-3D39-4C0C-954E-438A678E2AF3}"
EndProject
Project("{FAE04EC0-301F-11D3-BF4B-00C04F79EFBC}") = "Notes.Client", "Notes\Client\Notes.Client.csproj", "{835F9B82-DA6C-4991-9154-FED0E8276E7B}"
EndProject
Project("{FAE04EC0-301F-11D3-BF4B-00C04F79EFBC}") = "Notes.Server", "Notes\Server\Notes.Server.csproj", "{4F5B1F06-C4E4-435D-8BA3-F766847A217B}"
EndProject
Project("{2150E333-8FDC-42A3-9474-1A3956D46DE8}") = "InteractionMenu", "InteractionMenu", "{6CB707D1-1E4D-40CC-B54A-97DC30B66828}"
EndProject
Project("{FAE04EC0-301F-11D3-BF4B-00C04F79EFBC}") = "InteractionMenu.Client", "InteractionMenu\Client\InteractionMenu.Client.csproj", "{1B833DF7-A63B-4B09-BE32-9CE21A4B601C}"
EndProject
Project("{2150E333-8FDC-42A3-9474-1A3956D46DE8}") = "Animations", "Animations", "{791754C1-82EC-464E-908C-44B0757372F1}"
EndProject
Project("{FAE04EC0-301F-11D3-BF4B-00C04F79EFBC}") = "Animations.Client", "Animations\Client\Animations.Client.csproj", "{64F12FB9-6BCA-4111-9BC7-2C4C14F61D3D}"
EndProject
Project("{FAE04EC0-301F-11D3-BF4B-00C04F79EFBC}") = "Economy.Client", "Economy\Client\Economy.Client.csproj", "{ACAE8207-8F85-4661-A0AF-FA8017BBA947}"
EndProject
Project("{FAE04EC0-301F-11D3-BF4B-00C04F79EFBC}") = "Economy.Server", "Economy\Server\Economy.Server.csproj", "{94FB4D33-7896-4963-BAD6-DBF41F865FAC}"
EndProject
Project("{2150E333-8FDC-42A3-9474-1A3956D46DE8}") = "Essentials", "Essentials", "{1EFA8818-1F2D-48DC-BA8E-75CE28E58CEB}"
EndProject
Project("{FAE04EC0-301F-11D3-BF4B-00C04F79EFBC}") = "Essentials.Client", "Essentials\Client\Essentials.Client.csproj", "{9A88FDED-F5FD-4BFA-B4B0-635731B060BC}"
EndProject
Project("{2150E333-8FDC-42A3-9474-1A3956D46DE8}") = "DirtyEconomy", "DirtyEconomy", "{D9CCC82C-0688-4950-B2E5-2BE021DC6F6E}"
EndProject
Project("{FAE04EC0-301F-11D3-BF4B-00C04F79EFBC}") = "DirtyEconomy.Client", "DirtyEconomy\Client\DirtyEconomy.Client.csproj", "{0FBA33FD-137C-4BD7-9244-22D35F94F386}"
EndProject
Project("{FAE04EC0-301F-11D3-BF4B-00C04F79EFBC}") = "DirtyEconomy.Server", "DirtyEconomy\Server\DirtyEconomy.Server.csproj", "{5C4B0163-30CB-43F0-9475-33F6F8AE539F}"
EndProject
Project("{FAE04EC0-301F-11D3-BF4B-00C04F79EFBC}") = "SceneControl.Common", "SceneControl\SceneControl.Common\SceneControl.Common.csproj", "{33478B81-111A-43C9-89AC-C29C9AFF1E8E}"
EndProject
Project("{2150E333-8FDC-42A3-9474-1A3956D46DE8}") = "Seat", "Seat", "{E65206B9-40D9-43F5-BF67-9B45AEAD87AF}"
EndProject
Project("{FAE04EC0-301F-11D3-BF4B-00C04F79EFBC}") = "Seat.Client", "Seat\Client\Seat.Client.csproj", "{003196C4-4AC5-43B8-9D49-C0420ABA95E4}"
EndProject
Project("{FAE04EC0-301F-11D3-BF4B-00C04F79EFBC}") = "Seat.Server", "Seat\Server\Seat.Server.csproj", "{5D562A6D-D73E-437F-A4D7-F1B731C3F164}"
EndProject
Project("{FAE04EC0-301F-11D3-BF4B-00C04F79EFBC}") = "Grab.Common", "Grab\Common\Grab.Common.csproj", "{A957D0B5-CECB-4220-986E-23C5CF8F9912}"
EndProject
Global
	GlobalSection(SolutionConfigurationPlatforms) = preSolution
		Debug|Any CPU = Debug|Any CPU
		Release|Any CPU = Release|Any CPU
	EndGlobalSection
	GlobalSection(ProjectConfigurationPlatforms) = postSolution
		{1F80347D-FBE6-4E2F-9107-ECCF861B1E87}.Debug|Any CPU.ActiveCfg = Debug|Any CPU
		{1F80347D-FBE6-4E2F-9107-ECCF861B1E87}.Debug|Any CPU.Build.0 = Debug|Any CPU
		{1F80347D-FBE6-4E2F-9107-ECCF861B1E87}.Release|Any CPU.ActiveCfg = Release|Any CPU
		{1F80347D-FBE6-4E2F-9107-ECCF861B1E87}.Release|Any CPU.Build.0 = Release|Any CPU
		{A157F45B-33F6-4FBB-AF40-24CB5B55C4E8}.Debug|Any CPU.ActiveCfg = Debug|Any CPU
		{A157F45B-33F6-4FBB-AF40-24CB5B55C4E8}.Debug|Any CPU.Build.0 = Debug|Any CPU
		{A157F45B-33F6-4FBB-AF40-24CB5B55C4E8}.Release|Any CPU.ActiveCfg = Release|Any CPU
		{A157F45B-33F6-4FBB-AF40-24CB5B55C4E8}.Release|Any CPU.Build.0 = Release|Any CPU
		{83A49E43-4ACD-40D3-A870-BDA9EDBB2023}.Debug|Any CPU.ActiveCfg = Debug|Any CPU
		{83A49E43-4ACD-40D3-A870-BDA9EDBB2023}.Debug|Any CPU.Build.0 = Debug|Any CPU
		{83A49E43-4ACD-40D3-A870-BDA9EDBB2023}.Release|Any CPU.ActiveCfg = Release|Any CPU
		{83A49E43-4ACD-40D3-A870-BDA9EDBB2023}.Release|Any CPU.Build.0 = Release|Any CPU
		{2A281C48-4B54-4364-BF15-A0EDE8E3119D}.Debug|Any CPU.ActiveCfg = Debug|Any CPU
		{2A281C48-4B54-4364-BF15-A0EDE8E3119D}.Debug|Any CPU.Build.0 = Debug|Any CPU
		{2A281C48-4B54-4364-BF15-A0EDE8E3119D}.Release|Any CPU.ActiveCfg = Release|Any CPU
		{2A281C48-4B54-4364-BF15-A0EDE8E3119D}.Release|Any CPU.Build.0 = Release|Any CPU
		{F8B8546D-2A53-4731-94E0-20922A743BED}.Debug|Any CPU.ActiveCfg = Debug|Any CPU
		{F8B8546D-2A53-4731-94E0-20922A743BED}.Debug|Any CPU.Build.0 = Debug|Any CPU
		{F8B8546D-2A53-4731-94E0-20922A743BED}.Release|Any CPU.ActiveCfg = Release|Any CPU
		{F8B8546D-2A53-4731-94E0-20922A743BED}.Release|Any CPU.Build.0 = Release|Any CPU
		{EC688716-E91F-460F-9421-B96EE85775F7}.Debug|Any CPU.ActiveCfg = Debug|Any CPU
		{EC688716-E91F-460F-9421-B96EE85775F7}.Debug|Any CPU.Build.0 = Debug|Any CPU
		{EC688716-E91F-460F-9421-B96EE85775F7}.Release|Any CPU.ActiveCfg = Release|Any CPU
		{EC688716-E91F-460F-9421-B96EE85775F7}.Release|Any CPU.Build.0 = Release|Any CPU
		{899CE01D-6A9B-43F6-A4B7-CB86408CECB0}.Debug|Any CPU.ActiveCfg = Debug|Any CPU
		{899CE01D-6A9B-43F6-A4B7-CB86408CECB0}.Debug|Any CPU.Build.0 = Debug|Any CPU
		{899CE01D-6A9B-43F6-A4B7-CB86408CECB0}.Release|Any CPU.ActiveCfg = Release|Any CPU
		{899CE01D-6A9B-43F6-A4B7-CB86408CECB0}.Release|Any CPU.Build.0 = Release|Any CPU
		{2477A0F3-FFCD-49A9-A186-CBDA3A73D514}.Debug|Any CPU.ActiveCfg = Debug|Any CPU
		{2477A0F3-FFCD-49A9-A186-CBDA3A73D514}.Debug|Any CPU.Build.0 = Debug|Any CPU
		{2477A0F3-FFCD-49A9-A186-CBDA3A73D514}.Release|Any CPU.ActiveCfg = Release|Any CPU
		{2477A0F3-FFCD-49A9-A186-CBDA3A73D514}.Release|Any CPU.Build.0 = Release|Any CPU
		{9BD7FD9F-927C-4275-819A-D7DC5407B260}.Debug|Any CPU.ActiveCfg = Debug|Any CPU
		{9BD7FD9F-927C-4275-819A-D7DC5407B260}.Debug|Any CPU.Build.0 = Debug|Any CPU
		{9BD7FD9F-927C-4275-819A-D7DC5407B260}.Release|Any CPU.ActiveCfg = Release|Any CPU
		{9BD7FD9F-927C-4275-819A-D7DC5407B260}.Release|Any CPU.Build.0 = Release|Any CPU
		{CCFB10FF-29D7-48A7-9B6F-100009421151}.Debug|Any CPU.ActiveCfg = Debug|Any CPU
		{CCFB10FF-29D7-48A7-9B6F-100009421151}.Debug|Any CPU.Build.0 = Debug|Any CPU
		{CCFB10FF-29D7-48A7-9B6F-100009421151}.Release|Any CPU.ActiveCfg = Release|Any CPU
		{CCFB10FF-29D7-48A7-9B6F-100009421151}.Release|Any CPU.Build.0 = Release|Any CPU
		{4C28F7AA-44E5-4A8E-B409-FAC9016C5B1D}.Debug|Any CPU.ActiveCfg = Debug|Any CPU
		{4C28F7AA-44E5-4A8E-B409-FAC9016C5B1D}.Debug|Any CPU.Build.0 = Debug|Any CPU
		{4C28F7AA-44E5-4A8E-B409-FAC9016C5B1D}.Release|Any CPU.ActiveCfg = Release|Any CPU
		{4C28F7AA-44E5-4A8E-B409-FAC9016C5B1D}.Release|Any CPU.Build.0 = Release|Any CPU
		{68E4315A-483B-4B2A-8206-A87C81EF6A5C}.Debug|Any CPU.ActiveCfg = Debug|Any CPU
		{68E4315A-483B-4B2A-8206-A87C81EF6A5C}.Debug|Any CPU.Build.0 = Debug|Any CPU
		{68E4315A-483B-4B2A-8206-A87C81EF6A5C}.Release|Any CPU.ActiveCfg = Release|Any CPU
		{68E4315A-483B-4B2A-8206-A87C81EF6A5C}.Release|Any CPU.Build.0 = Release|Any CPU
		{6330BA04-5137-45C5-B485-E64698678085}.Debug|Any CPU.ActiveCfg = Debug|Any CPU
		{6330BA04-5137-45C5-B485-E64698678085}.Debug|Any CPU.Build.0 = Debug|Any CPU
		{6330BA04-5137-45C5-B485-E64698678085}.Release|Any CPU.ActiveCfg = Release|Any CPU
		{6330BA04-5137-45C5-B485-E64698678085}.Release|Any CPU.Build.0 = Release|Any CPU
		{473626D0-C4C9-492D-BD26-28A5EA5EF308}.Debug|Any CPU.ActiveCfg = Debug|Any CPU
		{473626D0-C4C9-492D-BD26-28A5EA5EF308}.Debug|Any CPU.Build.0 = Debug|Any CPU
		{473626D0-C4C9-492D-BD26-28A5EA5EF308}.Release|Any CPU.ActiveCfg = Release|Any CPU
		{473626D0-C4C9-492D-BD26-28A5EA5EF308}.Release|Any CPU.Build.0 = Release|Any CPU
		{30D0D5FF-B613-4462-A90A-FCF020F0266C}.Debug|Any CPU.ActiveCfg = Debug|Any CPU
		{30D0D5FF-B613-4462-A90A-FCF020F0266C}.Debug|Any CPU.Build.0 = Debug|Any CPU
		{30D0D5FF-B613-4462-A90A-FCF020F0266C}.Release|Any CPU.ActiveCfg = Release|Any CPU
		{30D0D5FF-B613-4462-A90A-FCF020F0266C}.Release|Any CPU.Build.0 = Release|Any CPU
		{AA547E0B-CF11-4AF9-B594-13A856398FD6}.Debug|Any CPU.ActiveCfg = Debug|Any CPU
		{AA547E0B-CF11-4AF9-B594-13A856398FD6}.Debug|Any CPU.Build.0 = Debug|Any CPU
		{AA547E0B-CF11-4AF9-B594-13A856398FD6}.Release|Any CPU.ActiveCfg = Release|Any CPU
		{AA547E0B-CF11-4AF9-B594-13A856398FD6}.Release|Any CPU.Build.0 = Release|Any CPU
		{33B97D67-159C-4803-A080-544A7E583693}.Debug|Any CPU.ActiveCfg = Debug|Any CPU
		{33B97D67-159C-4803-A080-544A7E583693}.Debug|Any CPU.Build.0 = Debug|Any CPU
		{33B97D67-159C-4803-A080-544A7E583693}.Release|Any CPU.ActiveCfg = Release|Any CPU
		{33B97D67-159C-4803-A080-544A7E583693}.Release|Any CPU.Build.0 = Release|Any CPU
		{A34567B3-17C5-4F08-AB3B-FBCCD39620AC}.Debug|Any CPU.ActiveCfg = Debug|Any CPU
		{A34567B3-17C5-4F08-AB3B-FBCCD39620AC}.Debug|Any CPU.Build.0 = Debug|Any CPU
		{A34567B3-17C5-4F08-AB3B-FBCCD39620AC}.Release|Any CPU.ActiveCfg = Release|Any CPU
		{A34567B3-17C5-4F08-AB3B-FBCCD39620AC}.Release|Any CPU.Build.0 = Release|Any CPU
		{5973C772-2898-495B-ACF8-F591E3A639B4}.Debug|Any CPU.ActiveCfg = Debug|Any CPU
		{5973C772-2898-495B-ACF8-F591E3A639B4}.Debug|Any CPU.Build.0 = Debug|Any CPU
		{5973C772-2898-495B-ACF8-F591E3A639B4}.Release|Any CPU.ActiveCfg = Release|Any CPU
		{5973C772-2898-495B-ACF8-F591E3A639B4}.Release|Any CPU.Build.0 = Release|Any CPU
		{CFE1F0BE-327A-4E6C-B200-8C2F2AFF0082}.Debug|Any CPU.ActiveCfg = Debug|Any CPU
		{CFE1F0BE-327A-4E6C-B200-8C2F2AFF0082}.Debug|Any CPU.Build.0 = Debug|Any CPU
		{CFE1F0BE-327A-4E6C-B200-8C2F2AFF0082}.Release|Any CPU.ActiveCfg = Release|Any CPU
		{CFE1F0BE-327A-4E6C-B200-8C2F2AFF0082}.Release|Any CPU.Build.0 = Release|Any CPU
		{B25F8A74-6C34-47C6-9E85-057076BDD0E0}.Debug|Any CPU.ActiveCfg = Debug|Any CPU
		{B25F8A74-6C34-47C6-9E85-057076BDD0E0}.Debug|Any CPU.Build.0 = Debug|Any CPU
		{B25F8A74-6C34-47C6-9E85-057076BDD0E0}.Release|Any CPU.ActiveCfg = Release|Any CPU
		{B25F8A74-6C34-47C6-9E85-057076BDD0E0}.Release|Any CPU.Build.0 = Release|Any CPU
		{452D3F29-6B06-4508-A0D9-EAAA8B0DE3DF}.Debug|Any CPU.ActiveCfg = Debug|Any CPU
		{452D3F29-6B06-4508-A0D9-EAAA8B0DE3DF}.Debug|Any CPU.Build.0 = Debug|Any CPU
		{452D3F29-6B06-4508-A0D9-EAAA8B0DE3DF}.Release|Any CPU.ActiveCfg = Release|Any CPU
		{452D3F29-6B06-4508-A0D9-EAAA8B0DE3DF}.Release|Any CPU.Build.0 = Release|Any CPU
		{FFE95EE5-929F-4988-8C21-866D0AF945A2}.Debug|Any CPU.ActiveCfg = Debug|Any CPU
		{FFE95EE5-929F-4988-8C21-866D0AF945A2}.Debug|Any CPU.Build.0 = Debug|Any CPU
		{FFE95EE5-929F-4988-8C21-866D0AF945A2}.Release|Any CPU.ActiveCfg = Release|Any CPU
		{FFE95EE5-929F-4988-8C21-866D0AF945A2}.Release|Any CPU.Build.0 = Release|Any CPU
		{9095E236-D9C9-402D-ABC3-AED0CEFDBDA5}.Debug|Any CPU.ActiveCfg = Debug|Any CPU
		{9095E236-D9C9-402D-ABC3-AED0CEFDBDA5}.Debug|Any CPU.Build.0 = Debug|Any CPU
		{9095E236-D9C9-402D-ABC3-AED0CEFDBDA5}.Release|Any CPU.ActiveCfg = Release|Any CPU
		{9095E236-D9C9-402D-ABC3-AED0CEFDBDA5}.Release|Any CPU.Build.0 = Release|Any CPU
		{EC1921D1-B93C-4C6B-8C8E-8DDABA2F584F}.Debug|Any CPU.ActiveCfg = Debug|Any CPU
		{EC1921D1-B93C-4C6B-8C8E-8DDABA2F584F}.Debug|Any CPU.Build.0 = Debug|Any CPU
		{EC1921D1-B93C-4C6B-8C8E-8DDABA2F584F}.Release|Any CPU.ActiveCfg = Release|Any CPU
		{EC1921D1-B93C-4C6B-8C8E-8DDABA2F584F}.Release|Any CPU.Build.0 = Release|Any CPU
		{C3F5C042-0948-4EEF-AF68-AFE778715BFC}.Debug|Any CPU.ActiveCfg = Debug|Any CPU
		{C3F5C042-0948-4EEF-AF68-AFE778715BFC}.Debug|Any CPU.Build.0 = Debug|Any CPU
		{C3F5C042-0948-4EEF-AF68-AFE778715BFC}.Release|Any CPU.ActiveCfg = Release|Any CPU
		{C3F5C042-0948-4EEF-AF68-AFE778715BFC}.Release|Any CPU.Build.0 = Release|Any CPU
		{7F92091A-3D39-4C0C-954E-438A678E2AF3}.Debug|Any CPU.ActiveCfg = Debug|Any CPU
		{7F92091A-3D39-4C0C-954E-438A678E2AF3}.Debug|Any CPU.Build.0 = Debug|Any CPU
		{7F92091A-3D39-4C0C-954E-438A678E2AF3}.Release|Any CPU.ActiveCfg = Release|Any CPU
		{7F92091A-3D39-4C0C-954E-438A678E2AF3}.Release|Any CPU.Build.0 = Release|Any CPU
		{835F9B82-DA6C-4991-9154-FED0E8276E7B}.Debug|Any CPU.ActiveCfg = Debug|Any CPU
		{835F9B82-DA6C-4991-9154-FED0E8276E7B}.Debug|Any CPU.Build.0 = Debug|Any CPU
		{835F9B82-DA6C-4991-9154-FED0E8276E7B}.Release|Any CPU.ActiveCfg = Release|Any CPU
		{835F9B82-DA6C-4991-9154-FED0E8276E7B}.Release|Any CPU.Build.0 = Release|Any CPU
		{4F5B1F06-C4E4-435D-8BA3-F766847A217B}.Debug|Any CPU.ActiveCfg = Debug|Any CPU
		{4F5B1F06-C4E4-435D-8BA3-F766847A217B}.Debug|Any CPU.Build.0 = Debug|Any CPU
		{4F5B1F06-C4E4-435D-8BA3-F766847A217B}.Release|Any CPU.ActiveCfg = Release|Any CPU
		{4F5B1F06-C4E4-435D-8BA3-F766847A217B}.Release|Any CPU.Build.0 = Release|Any CPU
		{1B833DF7-A63B-4B09-BE32-9CE21A4B601C}.Debug|Any CPU.ActiveCfg = Debug|Any CPU
		{1B833DF7-A63B-4B09-BE32-9CE21A4B601C}.Debug|Any CPU.Build.0 = Debug|Any CPU
		{1B833DF7-A63B-4B09-BE32-9CE21A4B601C}.Release|Any CPU.ActiveCfg = Release|Any CPU
		{1B833DF7-A63B-4B09-BE32-9CE21A4B601C}.Release|Any CPU.Build.0 = Release|Any CPU
		{64F12FB9-6BCA-4111-9BC7-2C4C14F61D3D}.Debug|Any CPU.ActiveCfg = Debug|Any CPU
		{64F12FB9-6BCA-4111-9BC7-2C4C14F61D3D}.Debug|Any CPU.Build.0 = Debug|Any CPU
		{64F12FB9-6BCA-4111-9BC7-2C4C14F61D3D}.Release|Any CPU.ActiveCfg = Release|Any CPU
		{64F12FB9-6BCA-4111-9BC7-2C4C14F61D3D}.Release|Any CPU.Build.0 = Release|Any CPU
		{ACAE8207-8F85-4661-A0AF-FA8017BBA947}.Debug|Any CPU.ActiveCfg = Debug|Any CPU
		{ACAE8207-8F85-4661-A0AF-FA8017BBA947}.Debug|Any CPU.Build.0 = Debug|Any CPU
		{ACAE8207-8F85-4661-A0AF-FA8017BBA947}.Release|Any CPU.ActiveCfg = Release|Any CPU
		{ACAE8207-8F85-4661-A0AF-FA8017BBA947}.Release|Any CPU.Build.0 = Release|Any CPU
		{94FB4D33-7896-4963-BAD6-DBF41F865FAC}.Debug|Any CPU.ActiveCfg = Debug|Any CPU
		{94FB4D33-7896-4963-BAD6-DBF41F865FAC}.Debug|Any CPU.Build.0 = Debug|Any CPU
		{94FB4D33-7896-4963-BAD6-DBF41F865FAC}.Release|Any CPU.ActiveCfg = Release|Any CPU
		{94FB4D33-7896-4963-BAD6-DBF41F865FAC}.Release|Any CPU.Build.0 = Release|Any CPU
		{9A88FDED-F5FD-4BFA-B4B0-635731B060BC}.Debug|Any CPU.ActiveCfg = Debug|Any CPU
		{9A88FDED-F5FD-4BFA-B4B0-635731B060BC}.Debug|Any CPU.Build.0 = Debug|Any CPU
		{9A88FDED-F5FD-4BFA-B4B0-635731B060BC}.Release|Any CPU.ActiveCfg = Release|Any CPU
		{9A88FDED-F5FD-4BFA-B4B0-635731B060BC}.Release|Any CPU.Build.0 = Release|Any CPU
		{0FBA33FD-137C-4BD7-9244-22D35F94F386}.Debug|Any CPU.ActiveCfg = Debug|Any CPU
		{0FBA33FD-137C-4BD7-9244-22D35F94F386}.Debug|Any CPU.Build.0 = Debug|Any CPU
		{0FBA33FD-137C-4BD7-9244-22D35F94F386}.Release|Any CPU.ActiveCfg = Release|Any CPU
		{0FBA33FD-137C-4BD7-9244-22D35F94F386}.Release|Any CPU.Build.0 = Release|Any CPU
		{5C4B0163-30CB-43F0-9475-33F6F8AE539F}.Debug|Any CPU.ActiveCfg = Debug|Any CPU
		{5C4B0163-30CB-43F0-9475-33F6F8AE539F}.Debug|Any CPU.Build.0 = Debug|Any CPU
		{5C4B0163-30CB-43F0-9475-33F6F8AE539F}.Release|Any CPU.ActiveCfg = Release|Any CPU
		{5C4B0163-30CB-43F0-9475-33F6F8AE539F}.Release|Any CPU.Build.0 = Release|Any CPU
		{33478B81-111A-43C9-89AC-C29C9AFF1E8E}.Debug|Any CPU.ActiveCfg = Debug|Any CPU
		{33478B81-111A-43C9-89AC-C29C9AFF1E8E}.Debug|Any CPU.Build.0 = Debug|Any CPU
		{33478B81-111A-43C9-89AC-C29C9AFF1E8E}.Release|Any CPU.ActiveCfg = Release|Any CPU
		{33478B81-111A-43C9-89AC-C29C9AFF1E8E}.Release|Any CPU.Build.0 = Release|Any CPU
		{003196C4-4AC5-43B8-9D49-C0420ABA95E4}.Debug|Any CPU.ActiveCfg = Debug|Any CPU
		{003196C4-4AC5-43B8-9D49-C0420ABA95E4}.Debug|Any CPU.Build.0 = Debug|Any CPU
		{003196C4-4AC5-43B8-9D49-C0420ABA95E4}.Release|Any CPU.ActiveCfg = Release|Any CPU
		{003196C4-4AC5-43B8-9D49-C0420ABA95E4}.Release|Any CPU.Build.0 = Release|Any CPU
		{5D562A6D-D73E-437F-A4D7-F1B731C3F164}.Debug|Any CPU.ActiveCfg = Debug|Any CPU
		{5D562A6D-D73E-437F-A4D7-F1B731C3F164}.Debug|Any CPU.Build.0 = Debug|Any CPU
		{5D562A6D-D73E-437F-A4D7-F1B731C3F164}.Release|Any CPU.ActiveCfg = Release|Any CPU
		{5D562A6D-D73E-437F-A4D7-F1B731C3F164}.Release|Any CPU.Build.0 = Release|Any CPU
		{A957D0B5-CECB-4220-986E-23C5CF8F9912}.Debug|Any CPU.ActiveCfg = Debug|Any CPU
		{A957D0B5-CECB-4220-986E-23C5CF8F9912}.Debug|Any CPU.Build.0 = Debug|Any CPU
		{A957D0B5-CECB-4220-986E-23C5CF8F9912}.Release|Any CPU.ActiveCfg = Release|Any CPU
		{A957D0B5-CECB-4220-986E-23C5CF8F9912}.Release|Any CPU.Build.0 = Release|Any CPU
	EndGlobalSection
	GlobalSection(SolutionProperties) = preSolution
		HideSolutionNode = FALSE
	EndGlobalSection
	GlobalSection(NestedProjects) = preSolution
		{3BEC7AB7-B2E3-405D-9124-CB922C075667} = {6CC792D0-B2D1-475F-90AF-B78E61DE24E0}
		{AADFE3F4-F3BE-4913-B375-A27AFBA0BBB5} = {6CC792D0-B2D1-475F-90AF-B78E61DE24E0}
		{EAED0A41-728D-42D6-AC61-CA5F9CE9EB77} = {6CC792D0-B2D1-475F-90AF-B78E61DE24E0}
		{83A49E43-4ACD-40D3-A870-BDA9EDBB2023} = {02EA681E-C7D8-13C7-8484-4AC65E1B71E8}
		{2A281C48-4B54-4364-BF15-A0EDE8E3119D} = {031CF5EE-2F45-4827-A4B9-0641633DA0F6}
		{F8B8546D-2A53-4731-94E0-20922A743BED} = {031CF5EE-2F45-4827-A4B9-0641633DA0F6}
		{EC688716-E91F-460F-9421-B96EE85775F7} = {069CE582-F969-40F8-8A07-95DA2F5D58E5}
		{899CE01D-6A9B-43F6-A4B7-CB86408CECB0} = {069CE582-F969-40F8-8A07-95DA2F5D58E5}
		{2477A0F3-FFCD-49A9-A186-CBDA3A73D514} = {02EA681E-C7D8-13C7-8484-4AC65E1B71E8}
		{9BD7FD9F-927C-4275-819A-D7DC5407B260} = {51FFF201-8102-441F-8FFF-05E92443AA18}
		{CCFB10FF-29D7-48A7-9B6F-100009421151} = {51FFF201-8102-441F-8FFF-05E92443AA18}
		{4C28F7AA-44E5-4A8E-B409-FAC9016C5B1D} = {305AA17E-434D-4C77-8AE9-AD0820307418}
		{68E4315A-483B-4B2A-8206-A87C81EF6A5C} = {252BE35A-CF01-4D5E-AD29-A828589E3F37}
		{6330BA04-5137-45C5-B485-E64698678085} = {252BE35A-CF01-4D5E-AD29-A828589E3F37}
		{473626D0-C4C9-492D-BD26-28A5EA5EF308} = {1AC35AF6-FC55-4101-B79E-955FA1E69054}
		{30D0D5FF-B613-4462-A90A-FCF020F0266C} = {E5419124-5251-4594-940D-CAE77DDC4375}
		{AA547E0B-CF11-4AF9-B594-13A856398FD6} = {1348DBBF-D207-4F2D-9BD1-F9C79B4B585D}
		{33B97D67-159C-4803-A080-544A7E583693} = {1348DBBF-D207-4F2D-9BD1-F9C79B4B585D}
		{A34567B3-17C5-4F08-AB3B-FBCCD39620AC} = {38427114-D12D-4DAC-B36B-2DD50CD2E997}
		{5973C772-2898-495B-ACF8-F591E3A639B4} = {DAFB3653-3340-4CEC-9CA8-59F1C19655EF}
		{CFE1F0BE-327A-4E6C-B200-8C2F2AFF0082} = {DAFB3653-3340-4CEC-9CA8-59F1C19655EF}
		{B25F8A74-6C34-47C6-9E85-057076BDD0E0} = {0062DE62-464A-4482-A2F8-3357E6FE2049}
		{452D3F29-6B06-4508-A0D9-EAAA8B0DE3DF} = {49C783A6-DA3F-4F16-B252-C67CE6F0AA16}
		{FFE95EE5-929F-4988-8C21-866D0AF945A2} = {0062DE62-464A-4482-A2F8-3357E6FE2049}
		{9095E236-D9C9-402D-ABC3-AED0CEFDBDA5} = {49C783A6-DA3F-4F16-B252-C67CE6F0AA16}
		{EC1921D1-B93C-4C6B-8C8E-8DDABA2F584F} = {EC6FCFEF-BE10-400C-99DA-ECD572952E3F}
		{C3F5C042-0948-4EEF-AF68-AFE778715BFC} = {EC6FCFEF-BE10-400C-99DA-ECD572952E3F}
		{7F92091A-3D39-4C0C-954E-438A678E2AF3} = {E5419124-5251-4594-940D-CAE77DDC4375}
		{835F9B82-DA6C-4991-9154-FED0E8276E7B} = {088334A9-3E27-47B7-BB3A-AFC7D9CDC2D9}
		{4F5B1F06-C4E4-435D-8BA3-F766847A217B} = {088334A9-3E27-47B7-BB3A-AFC7D9CDC2D9}
		{1B833DF7-A63B-4B09-BE32-9CE21A4B601C} = {6CB707D1-1E4D-40CC-B54A-97DC30B66828}
		{64F12FB9-6BCA-4111-9BC7-2C4C14F61D3D} = {791754C1-82EC-464E-908C-44B0757372F1}
		{ACAE8207-8F85-4661-A0AF-FA8017BBA947} = {5345F098-44B5-4E0C-9884-71783A306E32}
		{94FB4D33-7896-4963-BAD6-DBF41F865FAC} = {5345F098-44B5-4E0C-9884-71783A306E32}
		{9A88FDED-F5FD-4BFA-B4B0-635731B060BC} = {1EFA8818-1F2D-48DC-BA8E-75CE28E58CEB}
		{0FBA33FD-137C-4BD7-9244-22D35F94F386} = {D9CCC82C-0688-4950-B2E5-2BE021DC6F6E}
		{5C4B0163-30CB-43F0-9475-33F6F8AE539F} = {D9CCC82C-0688-4950-B2E5-2BE021DC6F6E}
		{33478B81-111A-43C9-89AC-C29C9AFF1E8E} = {DAFB3653-3340-4CEC-9CA8-59F1C19655EF}
		{003196C4-4AC5-43B8-9D49-C0420ABA95E4} = {E65206B9-40D9-43F5-BF67-9B45AEAD87AF}
		{5D562A6D-D73E-437F-A4D7-F1B731C3F164} = {E65206B9-40D9-43F5-BF67-9B45AEAD87AF}
		{A957D0B5-CECB-4220-986E-23C5CF8F9912} = {49C783A6-DA3F-4F16-B252-C67CE6F0AA16}
	EndGlobalSection
	GlobalSection(ExtensibilityGlobals) = postSolution
		SolutionGuid = {2B63DCC9-26D3-4E2A-9513-417346177C62}
	EndGlobalSection
	GlobalSection(SharedMSBuildProjectFiles) = preSolution
		Common\Client\Common.Client.projitems*{1f80347d-fbe6-4e2f-9107-eccf861b1e87}*SharedItemsImports = 4
		Common\Common\Common.projitems*{1f80347d-fbe6-4e2f-9107-eccf861b1e87}*SharedItemsImports = 4
		Common\Common\Common.projitems*{2477a0f3-ffcd-49a9-a186-cbda3a73d514}*SharedItemsImports = 4
		Common\Server\Common.Server.projitems*{2477a0f3-ffcd-49a9-a186-cbda3a73d514}*SharedItemsImports = 4
		Common\Client\Common.Client.projitems*{2a281c48-4b54-4364-bf15-a0ede8e3119d}*SharedItemsImports = 4
		Common\Common\Common.projitems*{2a281c48-4b54-4364-bf15-a0ede8e3119d}*SharedItemsImports = 4
		Common\Client\Common.Client.projitems*{30d0d5ff-b613-4462-a90a-fcf020f0266c}*SharedItemsImports = 4
		Common\Common\Common.projitems*{30d0d5ff-b613-4462-a90a-fcf020f0266c}*SharedItemsImports = 4
		Common\Common\Common.projitems*{33b97d67-159c-4803-a080-544a7e583693}*SharedItemsImports = 4
		Common\Server\Common.Server.projitems*{33b97d67-159c-4803-a080-544a7e583693}*SharedItemsImports = 4
		Common\Common\Common.projitems*{3bec7ab7-b2e3-405d-9124-cb922c075667}*SharedItemsImports = 13
		Common\Client\Common.Client.projitems*{452d3f29-6b06-4508-a0d9-eaaa8b0de3df}*SharedItemsImports = 4
		Common\Common\Common.projitems*{452d3f29-6b06-4508-a0d9-eaaa8b0de3df}*SharedItemsImports = 4
		Common\Client\Common.Client.projitems*{473626d0-c4c9-492d-bd26-28a5ea5ef308}*SharedItemsImports = 4
		Common\Common\Common.projitems*{473626d0-c4c9-492d-bd26-28a5ea5ef308}*SharedItemsImports = 4
		Common\Client\Common.Client.projitems*{4c28f7aa-44e5-4a8e-b409-fac9016c5b1d}*SharedItemsImports = 4
		Common\Common\Common.projitems*{4c28f7aa-44e5-4a8e-b409-fac9016c5b1d}*SharedItemsImports = 4
		Common\Client\Common.Client.projitems*{5973c772-2898-495b-acf8-f591e3a639b4}*SharedItemsImports = 4
		Common\Common\Common.projitems*{5973c772-2898-495b-acf8-f591e3a639b4}*SharedItemsImports = 4
		Common\Common\Common.projitems*{6330ba04-5137-45c5-b485-e64698678085}*SharedItemsImports = 4
		Common\Server\Common.Server.projitems*{6330ba04-5137-45c5-b485-e64698678085}*SharedItemsImports = 4
		Common\Client\Common.Client.projitems*{68e4315a-483b-4b2a-8206-a87c81ef6a5c}*SharedItemsImports = 4
		Common\Common\Common.projitems*{68e4315a-483b-4b2a-8206-a87c81ef6a5c}*SharedItemsImports = 4
		Common\Common\Common.projitems*{7603738c-762d-4abf-8c8c-dc1302418191}*SharedItemsImports = 4
		Common\Server\Common.Server.projitems*{7603738c-762d-4abf-8c8c-dc1302418191}*SharedItemsImports = 4
		Common\Client\Common.Client.projitems*{83a49e43-4acd-40d3-a870-bda9edbb2023}*SharedItemsImports = 4
		Common\Common\Common.projitems*{83a49e43-4acd-40d3-a870-bda9edbb2023}*SharedItemsImports = 4
		Common\Common\Common.projitems*{899ce01d-6a9b-43f6-a4b7-cb86408cecb0}*SharedItemsImports = 4
		Common\Server\Common.Server.projitems*{899ce01d-6a9b-43f6-a4b7-cb86408cecb0}*SharedItemsImports = 4
		Common\Common\Common.projitems*{9095e236-d9c9-402d-abc3-aed0cefdbda5}*SharedItemsImports = 4
		Common\Server\Common.Server.projitems*{9095e236-d9c9-402d-abc3-aed0cefdbda5}*SharedItemsImports = 4
		Common\Client\Common.Client.projitems*{9bd7fd9f-927c-4275-819a-d7dc5407b260}*SharedItemsImports = 4
		Common\Common\Common.projitems*{9bd7fd9f-927c-4275-819a-d7dc5407b260}*SharedItemsImports = 4
		Common\Common\Common.projitems*{a157f45b-33f6-4fbb-af40-24cb5b55c4e8}*SharedItemsImports = 4
		Common\Server\Common.Server.projitems*{a157f45b-33f6-4fbb-af40-24cb5b55c4e8}*SharedItemsImports = 4
		Common\Client\Common.Client.projitems*{a34567b3-17c5-4f08-ab3b-fbccd39620ac}*SharedItemsImports = 4
		Common\Common\Common.projitems*{a34567b3-17c5-4f08-ab3b-fbccd39620ac}*SharedItemsImports = 4
		Common\Client\Common.Client.projitems*{aa547e0b-cf11-4af9-b594-13a856398fd6}*SharedItemsImports = 4
		Common\Common\Common.projitems*{aa547e0b-cf11-4af9-b594-13a856398fd6}*SharedItemsImports = 4
		Common\Client\Common.Client.projitems*{aadfe3f4-f3be-4913-b375-a27afba0bbb5}*SharedItemsImports = 13
		Common\Client\Common.Client.projitems*{b25f8a74-6c34-47c6-9e85-057076bdd0e0}*SharedItemsImports = 4
		Common\Common\Common.projitems*{b25f8a74-6c34-47c6-9e85-057076bdd0e0}*SharedItemsImports = 4
		Common\Common\Common.projitems*{c3f5c042-0948-4eef-af68-afe778715bfc}*SharedItemsImports = 4
		Common\Server\Common.Server.projitems*{c3f5c042-0948-4eef-af68-afe778715bfc}*SharedItemsImports = 4
		Common\Common\Common.projitems*{ccfb10ff-29d7-48a7-9b6f-100009421151}*SharedItemsImports = 4
		Common\Server\Common.Server.projitems*{ccfb10ff-29d7-48a7-9b6f-100009421151}*SharedItemsImports = 4
		Common\Common\Common.projitems*{cfe1f0be-327a-4e6c-b200-8c2f2aff0082}*SharedItemsImports = 4
		Common\Server\Common.Server.projitems*{cfe1f0be-327a-4e6c-b200-8c2f2aff0082}*SharedItemsImports = 4
		Common\Server\Common.Server.projitems*{eaed0a41-728d-42d6-ac61-ca5f9ce9eb77}*SharedItemsImports = 13
		Common\Client\Common.Client.projitems*{ec1921d1-b93c-4c6b-8c8e-8ddaba2f584f}*SharedItemsImports = 4
		Common\Common\Common.projitems*{ec1921d1-b93c-4c6b-8c8e-8ddaba2f584f}*SharedItemsImports = 4
		Common\Client\Common.Client.projitems*{ec688716-e91f-460f-9421-b96ee85775f7}*SharedItemsImports = 4
		Common\Common\Common.projitems*{ec688716-e91f-460f-9421-b96ee85775f7}*SharedItemsImports = 4
		Common\Common\Common.projitems*{f8b8546d-2a53-4731-94e0-20922a743bed}*SharedItemsImports = 4
		Common\Server\Common.Server.projitems*{f8b8546d-2a53-4731-94e0-20922a743bed}*SharedItemsImports = 4
	EndGlobalSection
EndGlobal
